
Microsoft Visual Studio Solution File, Format Version 12.00
# Visual Studio Version 16
VisualStudioVersion = 16.0.29411.108
MinimumVisualStudioVersion = 10.0.40219.1
Project("{9A19103F-16F7-4668-BE54-9A1E7A4F7556}") = "Leviathan.Sync", "Leviathan.Sync\Leviathan.Sync.csproj", "{97DB56D3-0E9E-46B0-83E4-1F25E14BC23E}"
EndProject
Project("{FAE04EC0-301F-11D3-BF4B-00C04F79EFBC}") = "Leviathan.Core", "Leviathan.Core\Leviathan.Core.csproj", "{57A6E6FA-E913-4ED5-A146-AC569D2088BB}"
EndProject
Project("{FAE04EC0-301F-11D3-BF4B-00C04F79EFBC}") = "Leviathan.Domain", "Leviathan.Domain\Leviathan.Domain.csproj", "{2B42FF93-C87E-409B-86E0-19C658892928}"
EndProject
Global
	GlobalSection(SolutionConfigurationPlatforms) = preSolution
		Debug|Any CPU = Debug|Any CPU
		Release|Any CPU = Release|Any CPU
	EndGlobalSection
	GlobalSection(ProjectConfigurationPlatforms) = postSolution
		{97DB56D3-0E9E-46B0-83E4-1F25E14BC23E}.Debug|Any CPU.ActiveCfg = Debug|Any CPU
		{97DB56D3-0E9E-46B0-83E4-1F25E14BC23E}.Debug|Any CPU.Build.0 = Debug|Any CPU
		{97DB56D3-0E9E-46B0-83E4-1F25E14BC23E}.Release|Any CPU.ActiveCfg = Release|Any CPU
		{97DB56D3-0E9E-46B0-83E4-1F25E14BC23E}.Release|Any CPU.Build.0 = Release|Any CPU
		{57A6E6FA-E913-4ED5-A146-AC569D2088BB}.Debug|Any CPU.ActiveCfg = Debug|Any CPU
		{57A6E6FA-E913-4ED5-A146-AC569D2088BB}.Debug|Any CPU.Build.0 = Debug|Any CPU
		{57A6E6FA-E913-4ED5-A146-AC569D2088BB}.Release|Any CPU.ActiveCfg = Release|Any CPU
		{57A6E6FA-E913-4ED5-A146-AC569D2088BB}.Release|Any CPU.Build.0 = Release|Any CPU
		{2B42FF93-C87E-409B-86E0-19C658892928}.Debug|Any CPU.ActiveCfg = Debug|Any CPU
		{2B42FF93-C87E-409B-86E0-19C658892928}.Debug|Any CPU.Build.0 = Debug|Any CPU
		{2B42FF93-C87E-409B-86E0-19C658892928}.Release|Any CPU.ActiveCfg = Release|Any CPU
		{2B42FF93-C87E-409B-86E0-19C658892928}.Release|Any CPU.Build.0 = Release|Any CPU
	EndGlobalSection
	GlobalSection(SolutionProperties) = preSolution
		HideSolutionNode = FALSE
	EndGlobalSection
	GlobalSection(ExtensibilityGlobals) = postSolution
		SolutionGuid = {64642427-6203-4C6C-9913-679309DE202C}
	EndGlobalSection
EndGlobal
